
Microsoft Visual Studio Solution File, Format Version 12.00
# Visual Studio Version 17
VisualStudioVersion = 17.7.34221.43
MinimumVisualStudioVersion = 10.0.40219.1
Project("{FAE04EC0-301F-11D3-BF4B-00C04F79EFBC}") = "V2_Biblioteca", "V2_Biblioteca.csproj", "{1439BD0F-81FE-4A28-9FDD-1E69457AAB3E}"
EndProject
Global
	GlobalSection(SolutionConfigurationPlatforms) = preSolution
		Debug|Any CPU = Debug|Any CPU
		Release|Any CPU = Release|Any CPU
	EndGlobalSection
	GlobalSection(ProjectConfigurationPlatforms) = postSolution
		{1439BD0F-81FE-4A28-9FDD-1E69457AAB3E}.Debug|Any CPU.ActiveCfg = Debug|Any CPU
		{1439BD0F-81FE-4A28-9FDD-1E69457AAB3E}.Debug|Any CPU.Build.0 = Debug|Any CPU
		{1439BD0F-81FE-4A28-9FDD-1E69457AAB3E}.Release|Any CPU.ActiveCfg = Release|Any CPU
		{1439BD0F-81FE-4A28-9FDD-1E69457AAB3E}.Release|Any CPU.Build.0 = Release|Any CPU
	EndGlobalSection
	GlobalSection(SolutionProperties) = preSolution
		HideSolutionNode = FALSE
	EndGlobalSection
	GlobalSection(ExtensibilityGlobals) = postSolution
		SolutionGuid = {B6DAAA93-DA73-42E2-86A2-273E95405119}
	EndGlobalSection
EndGlobal
